
Microsoft Visual Studio Solution File, Format Version 11.00
# Visual Studio 2010
Project("{FAE04EC0-301F-11D3-BF4B-00C04F79EFBC}") = "Assembly-CSharp", "Assembly-CSharp.csproj", "{21b13542-01eb-fb08-26d3-12cc486fdbec}"
EndProject
Global
	GlobalSection(SolutionConfigurationPlatforms) = preSolution
		Debug|Any CPU = Debug|Any CPU
		Release|Any CPU = Release|Any CPU
	EndGlobalSection
	GlobalSection(ProjectConfigurationPlatforms) = postSolution
		{21b13542-01eb-fb08-26d3-12cc486fdbec}.Debug|Any CPU.ActiveCfg = Debug|Any CPU
		{21b13542-01eb-fb08-26d3-12cc486fdbec}.Debug|Any CPU.Build.0 = Debug|Any CPU
		{21b13542-01eb-fb08-26d3-12cc486fdbec}.Release|Any CPU.ActiveCfg = Release|Any CPU
		{21b13542-01eb-fb08-26d3-12cc486fdbec}.Release|Any CPU.Build.0 = Release|Any CPU
	EndGlobalSection
	GlobalSection(SolutionProperties) = preSolution
		HideSolutionNode = FALSE
	EndGlobalSection
EndGlobal
